
Microsoft Visual Studio Solution File, Format Version 12.00
# Visual Studio 15
VisualStudioVersion = 15.0.27004.2002
MinimumVisualStudioVersion = 10.0.40219.1
Project("{FAE04EC0-301F-11D3-BF4B-00C04F79EFBC}") = "NoGPKI", "NoGPKI\NoGPKI.csproj", "{3BB4565E-E805-4B4C-BAF6-1472DC9B412A}"
EndProject
Global
	GlobalSection(SolutionConfigurationPlatforms) = preSolution
		Debug|Any CPU = Debug|Any CPU
		Release|Any CPU = Release|Any CPU
	EndGlobalSection
	GlobalSection(ProjectConfigurationPlatforms) = postSolution
		{3BB4565E-E805-4B4C-BAF6-1472DC9B412A}.Debug|Any CPU.ActiveCfg = Debug|Any CPU
		{3BB4565E-E805-4B4C-BAF6-1472DC9B412A}.Debug|Any CPU.Build.0 = Debug|Any CPU
		{3BB4565E-E805-4B4C-BAF6-1472DC9B412A}.Release|Any CPU.ActiveCfg = Release|Any CPU
		{3BB4565E-E805-4B4C-BAF6-1472DC9B412A}.Release|Any CPU.Build.0 = Release|Any CPU
	EndGlobalSection
	GlobalSection(SolutionProperties) = preSolution
		HideSolutionNode = FALSE
	EndGlobalSection
	GlobalSection(ExtensibilityGlobals) = postSolution
		SolutionGuid = {590077D5-0D22-48A5-9FDE-7F80EC0B9A5A}
	EndGlobalSection
EndGlobal
